
Microsoft Visual Studio Solution File, Format Version 12.00
# Visual Studio Version 17
VisualStudioVersion = 17.11.35327.3
MinimumVisualStudioVersion = 10.0.40219.1
Project("{8BC9CEB8-8B4A-11D0-8D11-00A0C91BC942}") = "project2", "project2.vcxproj", "{29803756-AE48-48F4-861F-58905BFFECAA}"
EndProject
Global
	GlobalSection(SolutionConfigurationPlatforms) = preSolution
		Debug|x64 = Debug|x64
		Debug|x86 = Debug|x86
		Release|x64 = Release|x64
		Release|x86 = Release|x86
	EndGlobalSection
	GlobalSection(ProjectConfigurationPlatforms) = postSolution
		{29803756-AE48-48F4-861F-58905BFFECAA}.Debug|x64.ActiveCfg = Debug|x64
		{29803756-AE48-48F4-861F-58905BFFECAA}.Debug|x64.Build.0 = Debug|x64
		{29803756-AE48-48F4-861F-58905BFFECAA}.Debug|x86.ActiveCfg = Debug|Win32
		{29803756-AE48-48F4-861F-58905BFFECAA}.Debug|x86.Build.0 = Debug|Win32
		{29803756-AE48-48F4-861F-58905BFFECAA}.Release|x64.ActiveCfg = Release|x64
		{29803756-AE48-48F4-861F-58905BFFECAA}.Release|x64.Build.0 = Release|x64
		{29803756-AE48-48F4-861F-58905BFFECAA}.Release|x86.ActiveCfg = Release|Win32
		{29803756-AE48-48F4-861F-58905BFFECAA}.Release|x86.Build.0 = Release|Win32
	EndGlobalSection
	GlobalSection(SolutionProperties) = preSolution
		HideSolutionNode = FALSE
	EndGlobalSection
	GlobalSection(ExtensibilityGlobals) = postSolution
		SolutionGuid = {CF133ECE-F8D9-4D59-9A31-622743AFF00A}
	EndGlobalSection
EndGlobal
